
Microsoft Visual Studio Solution File, Format Version 12.00
# Visual Studio Version 17
VisualStudioVersion = 17.0.31521.260
MinimumVisualStudioVersion = 10.0.40219.1
Project("{9A19103F-16F7-4668-BE54-9A1E7A4F7556}") = "TableSpans.HtmlAgilityPack", "TableSpans.HtmlAgilityPack\TableSpans.HtmlAgilityPack.csproj", "{90944E9D-E2CE-4734-BF7D-69748CF94497}"
EndProject
Project("{9A19103F-16F7-4668-BE54-9A1E7A4F7556}") = "TableSpans.HtmlAgilityPack.Demo", "TableSpans.HtmlAgilityPack.Demo\TableSpans.HtmlAgilityPack.Demo.csproj", "{CC6AFEFC-535B-4907-825C-30331C483AA5}"
EndProject
Project("{FAE04EC0-301F-11D3-BF4B-00C04F79EFBC}") = "TableSpans.HtmlAgilityPack.UnitTests", "TableSpans.HtmlAgilityPack.UnitTests\TableSpans.HtmlAgilityPack.UnitTests.csproj", "{BC5954FE-D178-4AC4-9414-5C783E4DB3E8}"
EndProject
Global
	GlobalSection(SolutionConfigurationPlatforms) = preSolution
		Debug|Any CPU = Debug|Any CPU
		Release|Any CPU = Release|Any CPU
	EndGlobalSection
	GlobalSection(ProjectConfigurationPlatforms) = postSolution
		{90944E9D-E2CE-4734-BF7D-69748CF94497}.Debug|Any CPU.ActiveCfg = Debug|Any CPU
		{90944E9D-E2CE-4734-BF7D-69748CF94497}.Debug|Any CPU.Build.0 = Debug|Any CPU
		{90944E9D-E2CE-4734-BF7D-69748CF94497}.Release|Any CPU.ActiveCfg = Release|Any CPU
		{90944E9D-E2CE-4734-BF7D-69748CF94497}.Release|Any CPU.Build.0 = Release|Any CPU
		{CC6AFEFC-535B-4907-825C-30331C483AA5}.Debug|Any CPU.ActiveCfg = Debug|Any CPU
		{CC6AFEFC-535B-4907-825C-30331C483AA5}.Debug|Any CPU.Build.0 = Debug|Any CPU
		{CC6AFEFC-535B-4907-825C-30331C483AA5}.Release|Any CPU.ActiveCfg = Release|Any CPU
		{CC6AFEFC-535B-4907-825C-30331C483AA5}.Release|Any CPU.Build.0 = Release|Any CPU
		{BC5954FE-D178-4AC4-9414-5C783E4DB3E8}.Debug|Any CPU.ActiveCfg = Debug|Any CPU
		{BC5954FE-D178-4AC4-9414-5C783E4DB3E8}.Debug|Any CPU.Build.0 = Debug|Any CPU
		{BC5954FE-D178-4AC4-9414-5C783E4DB3E8}.Release|Any CPU.ActiveCfg = Release|Any CPU
		{BC5954FE-D178-4AC4-9414-5C783E4DB3E8}.Release|Any CPU.Build.0 = Release|Any CPU
	EndGlobalSection
	GlobalSection(SolutionProperties) = preSolution
		HideSolutionNode = FALSE
	EndGlobalSection
	GlobalSection(ExtensibilityGlobals) = postSolution
		SolutionGuid = {17E1325F-BD07-4C63-B3C1-8DE5C1D26A80}
	EndGlobalSection
EndGlobal
